// !$*UTF8*$!
{
	archiveVersion = 1;
	classes = {
	};
	objectVersion = 56;
	objects = {

/* Begin PBXBuildFile section */
		B10269F22B5A5AE00044837B /* UberEatsMenu.swift in Sources */ = {isa = PBXBuildFile; fileRef = B10269F12B5A5AE00044837B /* UberEatsMenu.swift */; };
		B10269F52B5A5FF80044837B /* MenuItemView.swift in Sources */ = {isa = PBXBuildFile; fileRef = B10269F42B5A5FF80044837B /* MenuItemView.swift */; };
		B10269F82B5A61260044837B /* MenuItem.swift in Sources */ = {isa = PBXBuildFile; fileRef = B10269F72B5A61260044837B /* MenuItem.swift */; };
		B11875E02B5A75B000A35F46 /* TextFieldModule.swift in Sources */ = {isa = PBXBuildFile; fileRef = B11875DF2B5A75B000A35F46 /* TextFieldModule.swift */; };
		B11875E22B5A844500A35F46 /* BindingModule.swift in Sources */ = {isa = PBXBuildFile; fileRef = B11875E12B5A844500A35F46 /* BindingModule.swift */; };
		B11E756E2B7F85180054DFBC /* ColorsModule.swift in Sources */ = {isa = PBXBuildFile; fileRef = B11E756D2B7F85180054DFBC /* ColorsModule.swift */; };
		B159505E2BFC2FC8004774F2 /* SheetAndReviewModule.swift in Sources */ = {isa = PBXBuildFile; fileRef = B159505D2BFC2FC7004774F2 /* SheetAndReviewModule.swift */; };
		B15F5BEE2B80E20700150CCB /* BackgroundAndOverlayModule.swift in Sources */ = {isa = PBXBuildFile; fileRef = B15F5BED2B80E20700150CCB /* BackgroundAndOverlayModule.swift */; };
		B160CD772B59A134004AF33F /* ImagesModule.swift in Sources */ = {isa = PBXBuildFile; fileRef = B160CD762B59A134004AF33F /* ImagesModule.swift */; };
		B160CD792B59A1C1004AF33F /* StacksModule.swift in Sources */ = {isa = PBXBuildFile; fileRef = B160CD782B59A1C1004AF33F /* StacksModule.swift */; };
		B160CD7B2B59A1DC004AF33F /* ShapesModule.swift in Sources */ = {isa = PBXBuildFile; fileRef = B160CD7A2B59A1DC004AF33F /* ShapesModule.swift */; };
		B160CD7D2B59A1F2004AF33F /* TextModule.swift in Sources */ = {isa = PBXBuildFile; fileRef = B160CD7C2B59A1F2004AF33F /* TextModule.swift */; };
		B160CD7F2B59A202004AF33F /* PaddingModule.swift in Sources */ = {isa = PBXBuildFile; fileRef = B160CD7E2B59A202004AF33F /* PaddingModule.swift */; };
		B160CD812B59A23C004AF33F /* SpacerModule.swift in Sources */ = {isa = PBXBuildFile; fileRef = B160CD802B59A23C004AF33F /* SpacerModule.swift */; };
		B160CD832B59A250004AF33F /* LoopsModule.swift in Sources */ = {isa = PBXBuildFile; fileRef = B160CD822B59A250004AF33F /* LoopsModule.swift */; };
		B160CD852B59A263004AF33F /* ScrollViewModule.swift in Sources */ = {isa = PBXBuildFile; fileRef = B160CD842B59A263004AF33F /* ScrollViewModule.swift */; };
		B160CD872B59A27B004AF33F /* UberEats.swift in Sources */ = {isa = PBXBuildFile; fileRef = B160CD862B59A27B004AF33F /* UberEats.swift */; };
		B160CD892B59A28F004AF33F /* GridModule.swift in Sources */ = {isa = PBXBuildFile; fileRef = B160CD882B59A28F004AF33F /* GridModule.swift */; };
		B160CD8B2B59A2A2004AF33F /* ListModule.swift in Sources */ = {isa = PBXBuildFile; fileRef = B160CD8A2B59A2A2004AF33F /* ListModule.swift */; };
		B160CD8D2B59A2BA004AF33F /* ButtonsModule.swift in Sources */ = {isa = PBXBuildFile; fileRef = B160CD8C2B59A2BA004AF33F /* ButtonsModule.swift */; };
		B160CD8F2B59A2CF004AF33F /* ControlFlowModule.swift in Sources */ = {isa = PBXBuildFile; fileRef = B160CD8E2B59A2CF004AF33F /* ControlFlowModule.swift */; };
		B16ECAFE2C206DBC003B2605 /* ContentUnavailableModule.swift in Sources */ = {isa = PBXBuildFile; fileRef = B16ECAFD2C206DBC003B2605 /* ContentUnavailableModule.swift */; };
		B16ECB002C207473003B2605 /* PhotoPickerFromGalleryModule.swift in Sources */ = {isa = PBXBuildFile; fileRef = B16ECAFF2C207473003B2605 /* PhotoPickerFromGalleryModule.swift */; };
		B16F4AE32C07C4790082E3F2 /* NavigationBarAndToolbarModule.swift in Sources */ = {isa = PBXBuildFile; fileRef = B16F4AE22C07C4790082E3F2 /* NavigationBarAndToolbarModule.swift */; };
		B171F1E52BA62607004B0974 /* Practice.swift in Sources */ = {isa = PBXBuildFile; fileRef = B171F1E42BA62607004B0974 /* Practice.swift */; };
		B1770CBC2BBA8DB9006FFB5C /* CustomModifiersModule.swift in Sources */ = {isa = PBXBuildFile; fileRef = B1770CBB2BBA8DB9006FFB5C /* CustomModifiersModule.swift */; };
		B1770CBE2BBA9258006FFB5C /* CustomViewsModule.swift in Sources */ = {isa = PBXBuildFile; fileRef = B1770CBD2BBA9258006FFB5C /* CustomViewsModule.swift */; };
		B17A17B82BC940F20049FF5A /* StepperModule.swift in Sources */ = {isa = PBXBuildFile; fileRef = B17A17B72BC940F20049FF5A /* StepperModule.swift */; };
		B17F81542BF61A6200F12ACC /* AnimationsModule.swift in Sources */ = {isa = PBXBuildFile; fileRef = B17F81532BF61A6200F12ACC /* AnimationsModule.swift */; };
		B18D24542BB4436900BF4381 /* AlertModule.swift in Sources */ = {isa = PBXBuildFile; fileRef = B18D24532BB4436900BF4381 /* AlertModule.swift */; };
		B1A27D862B599F0C00251C29 /* LearningSwiftUiApp.swift in Sources */ = {isa = PBXBuildFile; fileRef = B1A27D852B599F0C00251C29 /* LearningSwiftUiApp.swift */; };
		B1A27D882B599F0C00251C29 /* ContentView.swift in Sources */ = {isa = PBXBuildFile; fileRef = B1A27D872B599F0C00251C29 /* ContentView.swift */; };
		B1A27D8A2B599F0D00251C29 /* Assets.xcassets in Resources */ = {isa = PBXBuildFile; fileRef = B1A27D892B599F0D00251C29 /* Assets.xcassets */; };
		B1A27D8D2B599F0D00251C29 /* Preview Assets.xcassets in Resources */ = {isa = PBXBuildFile; fileRef = B1A27D8C2B599F0D00251C29 /* Preview Assets.xcassets */; };
		B1B4DB962C0A0646009348E0 /* AsyncImageModule.swift in Sources */ = {isa = PBXBuildFile; fileRef = B1B4DB952C0A0646009348E0 /* AsyncImageModule.swift */; };
		B1C4F2E42BFC8D1D009B9099 /* UserDefaultsModule.swift in Sources */ = {isa = PBXBuildFile; fileRef = B1C4F2E32BFC8D1D009B9099 /* UserDefaultsModule.swift */; };
		B1CF59DF2C1CA67300E424F4 /* GaugeSliderOnChangeModule.swift in Sources */ = {isa = PBXBuildFile; fileRef = B1CF59DE2C1CA67300E424F4 /* GaugeSliderOnChangeModule.swift */; };
		B1E2D2602BAC5B3B003A398A /* PickerModule.swift in Sources */ = {isa = PBXBuildFile; fileRef = B1E2D25F2BAC5B3B003A398A /* PickerModule.swift */; };
		B1EBB8582B7FAB76001A9EAA /* GradientsModule.swift in Sources */ = {isa = PBXBuildFile; fileRef = B1EBB8572B7FAB76001A9EAA /* GradientsModule.swift */; };
		B1EBB85A2B7FB288001A9EAA /* IconsModule.swift in Sources */ = {isa = PBXBuildFile; fileRef = B1EBB8592B7FB288001A9EAA /* IconsModule.swift */; };
		B1F39C9C2C06D11F009EC730 /* NavigationModule.swift in Sources */ = {isa = PBXBuildFile; fileRef = B1F39C9B2C06D11F009EC730 /* NavigationModule.swift */; };
		B1FCD24F2C208B2300A1CB96 /* ShareLinkModule.swift in Sources */ = {isa = PBXBuildFile; fileRef = B1FCD24E2C208B2300A1CB96 /* ShareLinkModule.swift */; };
/* End PBXBuildFile section */

/* Begin PBXFileReference section */
		B10269F12B5A5AE00044837B /* UberEatsMenu.swift */ = {isa = PBXFileReference; lastKnownFileType = sourcecode.swift; path = UberEatsMenu.swift; sourceTree = "<group>"; };
		B10269F42B5A5FF80044837B /* MenuItemView.swift */ = {isa = PBXFileReference; lastKnownFileType = sourcecode.swift; path = MenuItemView.swift; sourceTree = "<group>"; };
		B10269F72B5A61260044837B /* MenuItem.swift */ = {isa = PBXFileReference; lastKnownFileType = sourcecode.swift; path = MenuItem.swift; sourceTree = "<group>"; };
		B11875DF2B5A75B000A35F46 /* TextFieldModule.swift */ = {isa = PBXFileReference; lastKnownFileType = sourcecode.swift; path = TextFieldModule.swift; sourceTree = "<group>"; };
		B11875E12B5A844500A35F46 /* BindingModule.swift */ = {isa = PBXFileReference; lastKnownFileType = sourcecode.swift; path = BindingModule.swift; sourceTree = "<group>"; };
		B11E756D2B7F85180054DFBC /* ColorsModule.swift */ = {isa = PBXFileReference; lastKnownFileType = sourcecode.swift; path = ColorsModule.swift; sourceTree = "<group>"; };
		B159505D2BFC2FC7004774F2 /* SheetAndReviewModule.swift */ = {isa = PBXFileReference; lastKnownFileType = sourcecode.swift; path = SheetAndReviewModule.swift; sourceTree = "<group>"; };
		B15F5BED2B80E20700150CCB /* BackgroundAndOverlayModule.swift */ = {isa = PBXFileReference; lastKnownFileType = sourcecode.swift; path = BackgroundAndOverlayModule.swift; sourceTree = "<group>"; };
		B160CD762B59A134004AF33F /* ImagesModule.swift */ = {isa = PBXFileReference; fileEncoding = 4; lastKnownFileType = sourcecode.swift; path = ImagesModule.swift; sourceTree = "<group>"; };
		B160CD782B59A1C1004AF33F /* StacksModule.swift */ = {isa = PBXFileReference; fileEncoding = 4; lastKnownFileType = sourcecode.swift; path = StacksModule.swift; sourceTree = "<group>"; };
		B160CD7A2B59A1DC004AF33F /* ShapesModule.swift */ = {isa = PBXFileReference; fileEncoding = 4; lastKnownFileType = sourcecode.swift; path = ShapesModule.swift; sourceTree = "<group>"; };
		B160CD7C2B59A1F2004AF33F /* TextModule.swift */ = {isa = PBXFileReference; fileEncoding = 4; lastKnownFileType = sourcecode.swift; path = TextModule.swift; sourceTree = "<group>"; };
		B160CD7E2B59A202004AF33F /* PaddingModule.swift */ = {isa = PBXFileReference; fileEncoding = 4; lastKnownFileType = sourcecode.swift; path = PaddingModule.swift; sourceTree = "<group>"; };
		B160CD802B59A23C004AF33F /* SpacerModule.swift */ = {isa = PBXFileReference; fileEncoding = 4; lastKnownFileType = sourcecode.swift; path = SpacerModule.swift; sourceTree = "<group>"; };
		B160CD822B59A250004AF33F /* LoopsModule.swift */ = {isa = PBXFileReference; fileEncoding = 4; lastKnownFileType = sourcecode.swift; path = LoopsModule.swift; sourceTree = "<group>"; };
		B160CD842B59A263004AF33F /* ScrollViewModule.swift */ = {isa = PBXFileReference; fileEncoding = 4; lastKnownFileType = sourcecode.swift; path = ScrollViewModule.swift; sourceTree = "<group>"; };
		B160CD862B59A27B004AF33F /* UberEats.swift */ = {isa = PBXFileReference; fileEncoding = 4; lastKnownFileType = sourcecode.swift; path = UberEats.swift; sourceTree = "<group>"; };
		B160CD882B59A28F004AF33F /* GridModule.swift */ = {isa = PBXFileReference; fileEncoding = 4; lastKnownFileType = sourcecode.swift; path = GridModule.swift; sourceTree = "<group>"; };
		B160CD8A2B59A2A2004AF33F /* ListModule.swift */ = {isa = PBXFileReference; fileEncoding = 4; lastKnownFileType = sourcecode.swift; path = ListModule.swift; sourceTree = "<group>"; };
		B160CD8C2B59A2BA004AF33F /* ButtonsModule.swift */ = {isa = PBXFileReference; fileEncoding = 4; lastKnownFileType = sourcecode.swift; path = ButtonsModule.swift; sourceTree = "<group>"; };
		B160CD8E2B59A2CF004AF33F /* ControlFlowModule.swift */ = {isa = PBXFileReference; fileEncoding = 4; lastKnownFileType = sourcecode.swift; path = ControlFlowModule.swift; sourceTree = "<group>"; };
		B16ECAFD2C206DBC003B2605 /* ContentUnavailableModule.swift */ = {isa = PBXFileReference; lastKnownFileType = sourcecode.swift; path = ContentUnavailableModule.swift; sourceTree = "<group>"; };
		B16ECAFF2C207473003B2605 /* PhotoPickerFromGalleryModule.swift */ = {isa = PBXFileReference; lastKnownFileType = sourcecode.swift; path = PhotoPickerFromGalleryModule.swift; sourceTree = "<group>"; };
		B16F4AE22C07C4790082E3F2 /* NavigationBarAndToolbarModule.swift */ = {isa = PBXFileReference; lastKnownFileType = sourcecode.swift; path = NavigationBarAndToolbarModule.swift; sourceTree = "<group>"; };
		B171F1E42BA62607004B0974 /* Practice.swift */ = {isa = PBXFileReference; lastKnownFileType = sourcecode.swift; path = Practice.swift; sourceTree = "<group>"; };
		B1770CBB2BBA8DB9006FFB5C /* CustomModifiersModule.swift */ = {isa = PBXFileReference; lastKnownFileType = sourcecode.swift; path = CustomModifiersModule.swift; sourceTree = "<group>"; };
		B1770CBD2BBA9258006FFB5C /* CustomViewsModule.swift */ = {isa = PBXFileReference; lastKnownFileType = sourcecode.swift; path = CustomViewsModule.swift; sourceTree = "<group>"; };
		B17A17B72BC940F20049FF5A /* StepperModule.swift */ = {isa = PBXFileReference; lastKnownFileType = sourcecode.swift; path = StepperModule.swift; sourceTree = "<group>"; };
		B17F81532BF61A6200F12ACC /* AnimationsModule.swift */ = {isa = PBXFileReference; lastKnownFileType = sourcecode.swift; path = AnimationsModule.swift; sourceTree = "<group>"; };
		B18D24532BB4436900BF4381 /* AlertModule.swift */ = {isa = PBXFileReference; lastKnownFileType = sourcecode.swift; path = AlertModule.swift; sourceTree = "<group>"; };
		B1A27D822B599F0C00251C29 /* LearningSwiftUi.app */ = {isa = PBXFileReference; explicitFileType = wrapper.application; includeInIndex = 0; path = LearningSwiftUi.app; sourceTree = BUILT_PRODUCTS_DIR; };
		B1A27D852B599F0C00251C29 /* LearningSwiftUiApp.swift */ = {isa = PBXFileReference; lastKnownFileType = sourcecode.swift; path = LearningSwiftUiApp.swift; sourceTree = "<group>"; };
		B1A27D872B599F0C00251C29 /* ContentView.swift */ = {isa = PBXFileReference; lastKnownFileType = sourcecode.swift; path = ContentView.swift; sourceTree = "<group>"; };
		B1A27D892B599F0D00251C29 /* Assets.xcassets */ = {isa = PBXFileReference; lastKnownFileType = folder.assetcatalog; path = Assets.xcassets; sourceTree = "<group>"; };
		B1A27D8C2B599F0D00251C29 /* Preview Assets.xcassets */ = {isa = PBXFileReference; lastKnownFileType = folder.assetcatalog; path = "Preview Assets.xcassets"; sourceTree = "<group>"; };
		B1B4DB952C0A0646009348E0 /* AsyncImageModule.swift */ = {isa = PBXFileReference; lastKnownFileType = sourcecode.swift; path = AsyncImageModule.swift; sourceTree = "<group>"; };
		B1C4F2E32BFC8D1D009B9099 /* UserDefaultsModule.swift */ = {isa = PBXFileReference; lastKnownFileType = sourcecode.swift; path = UserDefaultsModule.swift; sourceTree = "<group>"; };
		B1CF59DE2C1CA67300E424F4 /* GaugeSliderOnChangeModule.swift */ = {isa = PBXFileReference; lastKnownFileType = sourcecode.swift; path = GaugeSliderOnChangeModule.swift; sourceTree = "<group>"; };
		B1E2D25F2BAC5B3B003A398A /* PickerModule.swift */ = {isa = PBXFileReference; lastKnownFileType = sourcecode.swift; path = PickerModule.swift; sourceTree = "<group>"; };
		B1EBB8572B7FAB76001A9EAA /* GradientsModule.swift */ = {isa = PBXFileReference; lastKnownFileType = sourcecode.swift; path = GradientsModule.swift; sourceTree = "<group>"; };
		B1EBB8592B7FB288001A9EAA /* IconsModule.swift */ = {isa = PBXFileReference; lastKnownFileType = sourcecode.swift; path = IconsModule.swift; sourceTree = "<group>"; };
		B1F39C9B2C06D11F009EC730 /* NavigationModule.swift */ = {isa = PBXFileReference; lastKnownFileType = sourcecode.swift; path = NavigationModule.swift; sourceTree = "<group>"; };
		B1FCD24E2C208B2300A1CB96 /* ShareLinkModule.swift */ = {isa = PBXFileReference; lastKnownFileType = sourcecode.swift; path = ShareLinkModule.swift; sourceTree = "<group>"; };
/* End PBXFileReference section */

/* Begin PBXFrameworksBuildPhase section */
		B1A27D7F2B599F0C00251C29 /* Frameworks */ = {
			isa = PBXFrameworksBuildPhase;
			buildActionMask = 2147483647;
			files = (
			);
			runOnlyForDeploymentPostprocessing = 0;
		};
/* End PBXFrameworksBuildPhase section */

/* Begin PBXGroup section */
		B10269F32B5A5B770044837B /* DataModeling */ = {
			isa = PBXGroup;
			children = (
				B10269F62B5A60F90044837B /* Model */,
				B10269F12B5A5AE00044837B /* UberEatsMenu.swift */,
				B10269F42B5A5FF80044837B /* MenuItemView.swift */,
			);
			path = DataModeling;
			sourceTree = "<group>";
		};
		B10269F62B5A60F90044837B /* Model */ = {
			isa = PBXGroup;
			children = (
				B10269F72B5A61260044837B /* MenuItem.swift */,
			);
			path = Model;
			sourceTree = "<group>";
		};
		B1A27D792B599F0C00251C29 = {
			isa = PBXGroup;
			children = (
				B1A27D842B599F0C00251C29 /* LearningSwiftUi */,
				B1A27D832B599F0C00251C29 /* Products */,
			);
			sourceTree = "<group>";
		};
		B1A27D832B599F0C00251C29 /* Products */ = {
			isa = PBXGroup;
			children = (
				B1A27D822B599F0C00251C29 /* LearningSwiftUi.app */,
			);
			name = Products;
			sourceTree = "<group>";
		};
		B1A27D842B599F0C00251C29 /* LearningSwiftUi */ = {
			isa = PBXGroup;
			children = (
				B18D24532BB4436900BF4381 /* AlertModule.swift */,
				B17F81532BF61A6200F12ACC /* AnimationsModule.swift */,
				B1A27D892B599F0D00251C29 /* Assets.xcassets */,
				B1B4DB952C0A0646009348E0 /* AsyncImageModule.swift */,
				B15F5BED2B80E20700150CCB /* BackgroundAndOverlayModule.swift */,
				B11875E12B5A844500A35F46 /* BindingModule.swift */,
				B160CD8C2B59A2BA004AF33F /* ButtonsModule.swift */,
				B11E756D2B7F85180054DFBC /* ColorsModule.swift */,
				B16ECAFD2C206DBC003B2605 /* ContentUnavailableModule.swift */,
				B1A27D872B599F0C00251C29 /* ContentView.swift */,
				B160CD8E2B59A2CF004AF33F /* ControlFlowModule.swift */,
				B1770CBB2BBA8DB9006FFB5C /* CustomModifiersModule.swift */,
				B1770CBD2BBA9258006FFB5C /* CustomViewsModule.swift */,
				B10269F32B5A5B770044837B /* DataModeling */,
				B1CF59DE2C1CA67300E424F4 /* GaugeSliderOnChangeModule.swift */,
				B1EBB8572B7FAB76001A9EAA /* GradientsModule.swift */,
				B160CD882B59A28F004AF33F /* GridModule.swift */,
				B1EBB8592B7FB288001A9EAA /* IconsModule.swift */,
				B160CD762B59A134004AF33F /* ImagesModule.swift */,
				B1A27D852B599F0C00251C29 /* LearningSwiftUiApp.swift */,
				B160CD8A2B59A2A2004AF33F /* ListModule.swift */,
				B160CD822B59A250004AF33F /* LoopsModule.swift */,
				B16F4AE22C07C4790082E3F2 /* NavigationBarAndToolbarModule.swift */,
				B1F39C9B2C06D11F009EC730 /* NavigationModule.swift */,
				B160CD7E2B59A202004AF33F /* PaddingModule.swift */,
				B16ECAFF2C207473003B2605 /* PhotoPickerFromGalleryModule.swift */,
				B1E2D25F2BAC5B3B003A398A /* PickerModule.swift */,
				B171F1E42BA62607004B0974 /* Practice.swift */,
				B1A27D8B2B599F0D00251C29 /* Preview Content */,
				B160CD842B59A263004AF33F /* ScrollViewModule.swift */,
				B160CD7A2B59A1DC004AF33F /* ShapesModule.swift */,
				B1FCD24E2C208B2300A1CB96 /* ShareLinkModule.swift */,
				B159505D2BFC2FC7004774F2 /* SheetAndReviewModule.swift */,
				B160CD802B59A23C004AF33F /* SpacerModule.swift */,
				B160CD782B59A1C1004AF33F /* StacksModule.swift */,
				B17A17B72BC940F20049FF5A /* StepperModule.swift */,
				B11875DF2B5A75B000A35F46 /* TextFieldModule.swift */,
				B160CD7C2B59A1F2004AF33F /* TextModule.swift */,
				B160CD862B59A27B004AF33F /* UberEats.swift */,
				B1C4F2E32BFC8D1D009B9099 /* UserDefaultsModule.swift */,
			);
			path = LearningSwiftUi;
			sourceTree = "<group>";
		};
		B1A27D8B2B599F0D00251C29 /* Preview Content */ = {
			isa = PBXGroup;
			children = (
				B1A27D8C2B599F0D00251C29 /* Preview Assets.xcassets */,
			);
			path = "Preview Content";
			sourceTree = "<group>";
		};
/* End PBXGroup section */

/* Begin PBXNativeTarget section */
		B1A27D812B599F0C00251C29 /* LearningSwiftUi */ = {
			isa = PBXNativeTarget;
			buildConfigurationList = B1A27D902B599F0D00251C29 /* Build configuration list for PBXNativeTarget "LearningSwiftUi" */;
			buildPhases = (
				B1A27D7E2B599F0C00251C29 /* Sources */,
				B1A27D7F2B599F0C00251C29 /* Frameworks */,
				B1A27D802B599F0C00251C29 /* Resources */,
			);
			buildRules = (
			);
			dependencies = (
			);
			name = LearningSwiftUi;
			productName = LearningSwiftUi;
			productReference = B1A27D822B599F0C00251C29 /* LearningSwiftUi.app */;
			productType = "com.apple.product-type.application";
		};
/* End PBXNativeTarget section */

/* Begin PBXProject section */
		B1A27D7A2B599F0C00251C29 /* Project object */ = {
			isa = PBXProject;
			attributes = {
				BuildIndependentTargetsInParallel = 1;
				LastSwiftUpdateCheck = 1520;
				LastUpgradeCheck = 1520;
				TargetAttributes = {
					B1A27D812B599F0C00251C29 = {
						CreatedOnToolsVersion = 15.2;
					};
				};
			};
			buildConfigurationList = B1A27D7D2B599F0C00251C29 /* Build configuration list for PBXProject "LearningSwiftUi" */;
			compatibilityVersion = "Xcode 14.0";
			developmentRegion = en;
			hasScannedForEncodings = 0;
			knownRegions = (
				en,
				Base,
			);
			mainGroup = B1A27D792B599F0C00251C29;
			productRefGroup = B1A27D832B599F0C00251C29 /* Products */;
			projectDirPath = "";
			projectRoot = "";
			targets = (
				B1A27D812B599F0C00251C29 /* LearningSwiftUi */,
			);
		};
/* End PBXProject section */

/* Begin PBXResourcesBuildPhase section */
		B1A27D802B599F0C00251C29 /* Resources */ = {
			isa = PBXResourcesBuildPhase;
			buildActionMask = 2147483647;
			files = (
				B1A27D8D2B599F0D00251C29 /* Preview Assets.xcassets in Resources */,
				B1A27D8A2B599F0D00251C29 /* Assets.xcassets in Resources */,
			);
			runOnlyForDeploymentPostprocessing = 0;
		};
/* End PBXResourcesBuildPhase section */

/* Begin PBXSourcesBuildPhase section */
		B1A27D7E2B599F0C00251C29 /* Sources */ = {
			isa = PBXSourcesBuildPhase;
			buildActionMask = 2147483647;
			files = (
				B160CD7D2B59A1F2004AF33F /* TextModule.swift in Sources */,
				B160CD812B59A23C004AF33F /* SpacerModule.swift in Sources */,
				B1C4F2E42BFC8D1D009B9099 /* UserDefaultsModule.swift in Sources */,
				B10269F22B5A5AE00044837B /* UberEatsMenu.swift in Sources */,
				B160CD872B59A27B004AF33F /* UberEats.swift in Sources */,
				B160CD7B2B59A1DC004AF33F /* ShapesModule.swift in Sources */,
				B160CD8B2B59A2A2004AF33F /* ListModule.swift in Sources */,
				B11875E02B5A75B000A35F46 /* TextFieldModule.swift in Sources */,
				B17A17B82BC940F20049FF5A /* StepperModule.swift in Sources */,
				B160CD852B59A263004AF33F /* ScrollViewModule.swift in Sources */,
				B10269F52B5A5FF80044837B /* MenuItemView.swift in Sources */,
				B18D24542BB4436900BF4381 /* AlertModule.swift in Sources */,
				B159505E2BFC2FC8004774F2 /* SheetAndReviewModule.swift in Sources */,
				B1CF59DF2C1CA67300E424F4 /* GaugeSliderOnChangeModule.swift in Sources */,
				B160CD792B59A1C1004AF33F /* StacksModule.swift in Sources */,
				B1FCD24F2C208B2300A1CB96 /* ShareLinkModule.swift in Sources */,
				B17F81542BF61A6200F12ACC /* AnimationsModule.swift in Sources */,
				B160CD7F2B59A202004AF33F /* PaddingModule.swift in Sources */,
				B1B4DB962C0A0646009348E0 /* AsyncImageModule.swift in Sources */,
				B11875E22B5A844500A35F46 /* BindingModule.swift in Sources */,
				B15F5BEE2B80E20700150CCB /* BackgroundAndOverlayModule.swift in Sources */,
				B16ECB002C207473003B2605 /* PhotoPickerFromGalleryModule.swift in Sources */,
				B1A27D882B599F0C00251C29 /* ContentView.swift in Sources */,
				B1EBB8582B7FAB76001A9EAA /* GradientsModule.swift in Sources */,
				B160CD8D2B59A2BA004AF33F /* ButtonsModule.swift in Sources */,
				B1A27D862B599F0C00251C29 /* LearningSwiftUiApp.swift in Sources */,
				B16ECAFE2C206DBC003B2605 /* ContentUnavailableModule.swift in Sources */,
				B1770CBE2BBA9258006FFB5C /* CustomViewsModule.swift in Sources */,
				B160CD832B59A250004AF33F /* LoopsModule.swift in Sources */,
				B171F1E52BA62607004B0974 /* Practice.swift in Sources */,
				B1F39C9C2C06D11F009EC730 /* NavigationModule.swift in Sources */,
				B1770CBC2BBA8DB9006FFB5C /* CustomModifiersModule.swift in Sources */,
				B160CD772B59A134004AF33F /* ImagesModule.swift in Sources */,
				B10269F82B5A61260044837B /* MenuItem.swift in Sources */,
				B1EBB85A2B7FB288001A9EAA /* IconsModule.swift in Sources */,
				B160CD892B59A28F004AF33F /* GridModule.swift in Sources */,
				B160CD8F2B59A2CF004AF33F /* ControlFlowModule.swift in Sources */,
				B11E756E2B7F85180054DFBC /* ColorsModule.swift in Sources */,
				B1E2D2602BAC5B3B003A398A /* PickerModule.swift in Sources */,
				B16F4AE32C07C4790082E3F2 /* NavigationBarAndToolbarModule.swift in Sources */,
			);
			runOnlyForDeploymentPostprocessing = 0;
		};
/* End PBXSourcesBuildPhase section */

/* Begin XCBuildConfiguration section */
		B1A27D8E2B599F0D00251C29 /* Debug */ = {
			isa = XCBuildConfiguration;
			buildSettings = {
				ALWAYS_SEARCH_USER_PATHS = NO;
				ASSETCATALOG_COMPILER_GENERATE_SWIFT_ASSET_SYMBOL_EXTENSIONS = YES;
				CLANG_ANALYZER_NONNULL = YES;
				CLANG_ANALYZER_NUMBER_OBJECT_CONVERSION = YES_AGGRESSIVE;
				CLANG_CXX_LANGUAGE_STANDARD = "gnu++20";
				CLANG_ENABLE_MODULES = YES;
				CLANG_ENABLE_OBJC_ARC = YES;
				CLANG_ENABLE_OBJC_WEAK = YES;
				CLANG_WARN_BLOCK_CAPTURE_AUTORELEASING = YES;
				CLANG_WARN_BOOL_CONVERSION = YES;
				CLANG_WARN_COMMA = YES;
				CLANG_WARN_CONSTANT_CONVERSION = YES;
				CLANG_WARN_DEPRECATED_OBJC_IMPLEMENTATIONS = YES;
				CLANG_WARN_DIRECT_OBJC_ISA_USAGE = YES_ERROR;
				CLANG_WARN_DOCUMENTATION_COMMENTS = YES;
				CLANG_WARN_EMPTY_BODY = YES;
				CLANG_WARN_ENUM_CONVERSION = YES;
				CLANG_WARN_INFINITE_RECURSION = YES;
				CLANG_WARN_INT_CONVERSION = YES;
				CLANG_WARN_NON_LITERAL_NULL_CONVERSION = YES;
				CLANG_WARN_OBJC_IMPLICIT_RETAIN_SELF = YES;
				CLANG_WARN_OBJC_LITERAL_CONVERSION = YES;
				CLANG_WARN_OBJC_ROOT_CLASS = YES_ERROR;
				CLANG_WARN_QUOTED_INCLUDE_IN_FRAMEWORK_HEADER = YES;
				CLANG_WARN_RANGE_LOOP_ANALYSIS = YES;
				CLANG_WARN_STRICT_PROTOTYPES = YES;
				CLANG_WARN_SUSPICIOUS_MOVE = YES;
				CLANG_WARN_UNGUARDED_AVAILABILITY = YES_AGGRESSIVE;
				CLANG_WARN_UNREACHABLE_CODE = YES;
				CLANG_WARN__DUPLICATE_METHOD_MATCH = YES;
				COPY_PHASE_STRIP = NO;
				DEBUG_INFORMATION_FORMAT = dwarf;
				ENABLE_STRICT_OBJC_MSGSEND = YES;
				ENABLE_TESTABILITY = YES;
				ENABLE_USER_SCRIPT_SANDBOXING = YES;
				GCC_C_LANGUAGE_STANDARD = gnu17;
				GCC_DYNAMIC_NO_PIC = NO;
				GCC_NO_COMMON_BLOCKS = YES;
				GCC_OPTIMIZATION_LEVEL = 0;
				GCC_PREPROCESSOR_DEFINITIONS = (
					"DEBUG=1",
					"$(inherited)",
				);
				GCC_WARN_64_TO_32_BIT_CONVERSION = YES;
				GCC_WARN_ABOUT_RETURN_TYPE = YES_ERROR;
				GCC_WARN_UNDECLARED_SELECTOR = YES;
				GCC_WARN_UNINITIALIZED_AUTOS = YES_AGGRESSIVE;
				GCC_WARN_UNUSED_FUNCTION = YES;
				GCC_WARN_UNUSED_VARIABLE = YES;
				IPHONEOS_DEPLOYMENT_TARGET = 17.2;
				LOCALIZATION_PREFERS_STRING_CATALOGS = YES;
				MTL_ENABLE_DEBUG_INFO = INCLUDE_SOURCE;
				MTL_FAST_MATH = YES;
				ONLY_ACTIVE_ARCH = YES;
				SDKROOT = iphoneos;
				SWIFT_ACTIVE_COMPILATION_CONDITIONS = "DEBUG $(inherited)";
				SWIFT_OPTIMIZATION_LEVEL = "-Onone";
			};
			name = Debug;
		};
		B1A27D8F2B599F0D00251C29 /* Release */ = {
			isa = XCBuildConfiguration;
			buildSettings = {
				ALWAYS_SEARCH_USER_PATHS = NO;
				ASSETCATALOG_COMPILER_GENERATE_SWIFT_ASSET_SYMBOL_EXTENSIONS = YES;
				CLANG_ANALYZER_NONNULL = YES;
				CLANG_ANALYZER_NUMBER_OBJECT_CONVERSION = YES_AGGRESSIVE;
				CLANG_CXX_LANGUAGE_STANDARD = "gnu++20";
				CLANG_ENABLE_MODULES = YES;
				CLANG_ENABLE_OBJC_ARC = YES;
				CLANG_ENABLE_OBJC_WEAK = YES;
				CLANG_WARN_BLOCK_CAPTURE_AUTORELEASING = YES;
				CLANG_WARN_BOOL_CONVERSION = YES;
				CLANG_WARN_COMMA = YES;
				CLANG_WARN_CONSTANT_CONVERSION = YES;
				CLANG_WARN_DEPRECATED_OBJC_IMPLEMENTATIONS = YES;
				CLANG_WARN_DIRECT_OBJC_ISA_USAGE = YES_ERROR;
				CLANG_WARN_DOCUMENTATION_COMMENTS = YES;
				CLANG_WARN_EMPTY_BODY = YES;
				CLANG_WARN_ENUM_CONVERSION = YES;
				CLANG_WARN_INFINITE_RECURSION = YES;
				CLANG_WARN_INT_CONVERSION = YES;
				CLANG_WARN_NON_LITERAL_NULL_CONVERSION = YES;
				CLANG_WARN_OBJC_IMPLICIT_RETAIN_SELF = YES;
				CLANG_WARN_OBJC_LITERAL_CONVERSION = YES;
				CLANG_WARN_OBJC_ROOT_CLASS = YES_ERROR;
				CLANG_WARN_QUOTED_INCLUDE_IN_FRAMEWORK_HEADER = YES;
				CLANG_WARN_RANGE_LOOP_ANALYSIS = YES;
				CLANG_WARN_STRICT_PROTOTYPES = YES;
				CLANG_WARN_SUSPICIOUS_MOVE = YES;
				CLANG_WARN_UNGUARDED_AVAILABILITY = YES_AGGRESSIVE;
				CLANG_WARN_UNREACHABLE_CODE = YES;
				CLANG_WARN__DUPLICATE_METHOD_MATCH = YES;
				COPY_PHASE_STRIP = NO;
				DEBUG_INFORMATION_FORMAT = "dwarf-with-dsym";
				ENABLE_NS_ASSERTIONS = NO;
				ENABLE_STRICT_OBJC_MSGSEND = YES;
				ENABLE_USER_SCRIPT_SANDBOXING = YES;
				GCC_C_LANGUAGE_STANDARD = gnu17;
				GCC_NO_COMMON_BLOCKS = YES;
				GCC_WARN_64_TO_32_BIT_CONVERSION = YES;
				GCC_WARN_ABOUT_RETURN_TYPE = YES_ERROR;
				GCC_WARN_UNDECLARED_SELECTOR = YES;
				GCC_WARN_UNINITIALIZED_AUTOS = YES_AGGRESSIVE;
				GCC_WARN_UNUSED_FUNCTION = YES;
				GCC_WARN_UNUSED_VARIABLE = YES;
				IPHONEOS_DEPLOYMENT_TARGET = 17.2;
				LOCALIZATION_PREFERS_STRING_CATALOGS = YES;
				MTL_ENABLE_DEBUG_INFO = NO;
				MTL_FAST_MATH = YES;
				SDKROOT = iphoneos;
				SWIFT_COMPILATION_MODE = wholemodule;
				VALIDATE_PRODUCT = YES;
			};
			name = Release;
		};
		B1A27D912B599F0D00251C29 /* Debug */ = {
			isa = XCBuildConfiguration;
			buildSettings = {
				ASSETCATALOG_COMPILER_APPICON_NAME = AppIcon;
				ASSETCATALOG_COMPILER_GLOBAL_ACCENT_COLOR_NAME = AccentColor;
				CODE_SIGN_STYLE = Automatic;
				CURRENT_PROJECT_VERSION = 1;
				DEVELOPMENT_ASSET_PATHS = "\"LearningSwiftUi/Preview Content\"";
				DEVELOPMENT_TEAM = VZTC4JYA7R;
				ENABLE_PREVIEWS = YES;
				GENERATE_INFOPLIST_FILE = YES;
				INFOPLIST_KEY_CFBundleDisplayName = "Learning Swift Ui";
				INFOPLIST_KEY_UIApplicationSceneManifest_Generation = YES;
				INFOPLIST_KEY_UIApplicationSupportsIndirectInputEvents = YES;
				INFOPLIST_KEY_UILaunchScreen_Generation = YES;
				INFOPLIST_KEY_UISupportedInterfaceOrientations_iPad = "UIInterfaceOrientationPortrait UIInterfaceOrientationPortraitUpsideDown UIInterfaceOrientationLandscapeLeft UIInterfaceOrientationLandscapeRight";
				INFOPLIST_KEY_UISupportedInterfaceOrientations_iPhone = "UIInterfaceOrientationPortrait UIInterfaceOrientationLandscapeLeft UIInterfaceOrientationLandscapeRight";
				IPHONEOS_DEPLOYMENT_TARGET = 17.0;
				LD_RUNPATH_SEARCH_PATHS = (
					"$(inherited)",
					"@executable_path/Frameworks",
				);
				MARKETING_VERSION = 1.0;
				PRODUCT_BUNDLE_IDENTIFIER = com.vaibhavranga.LearningSwiftUi;
				PRODUCT_NAME = "$(TARGET_NAME)";
				SWIFT_EMIT_LOC_STRINGS = YES;
				SWIFT_VERSION = 5.0;
				TARGETED_DEVICE_FAMILY = "1,2";
			};
			name = Debug;
		};
		B1A27D922B599F0D00251C29 /* Release */ = {
			isa = XCBuildConfiguration;
			buildSettings = {
				ASSETCATALOG_COMPILER_APPICON_NAME = AppIcon;
				ASSETCATALOG_COMPILER_GLOBAL_ACCENT_COLOR_NAME = AccentColor;
				CODE_SIGN_STYLE = Automatic;
				CURRENT_PROJECT_VERSION = 1;
				DEVELOPMENT_ASSET_PATHS = "\"LearningSwiftUi/Preview Content\"";
				DEVELOPMENT_TEAM = VZTC4JYA7R;
				ENABLE_PREVIEWS = YES;
				GENERATE_INFOPLIST_FILE = YES;
				INFOPLIST_KEY_CFBundleDisplayName = "Learning Swift Ui";
				INFOPLIST_KEY_UIApplicationSceneManifest_Generation = YES;
				INFOPLIST_KEY_UIApplicationSupportsIndirectInputEvents = YES;
				INFOPLIST_KEY_UILaunchScreen_Generation = YES;
				INFOPLIST_KEY_UISupportedInterfaceOrientations_iPad = "UIInterfaceOrientationPortrait UIInterfaceOrientationPortraitUpsideDown UIInterfaceOrientationLandscapeLeft UIInterfaceOrientationLandscapeRight";
				INFOPLIST_KEY_UISupportedInterfaceOrientations_iPhone = "UIInterfaceOrientationPortrait UIInterfaceOrientationLandscapeLeft UIInterfaceOrientationLandscapeRight";
				IPHONEOS_DEPLOYMENT_TARGET = 17.0;
				LD_RUNPATH_SEARCH_PATHS = (
					"$(inherited)",
					"@executable_path/Frameworks",
				);
				MARKETING_VERSION = 1.0;
				PRODUCT_BUNDLE_IDENTIFIER = com.vaibhavranga.LearningSwiftUi;
				PRODUCT_NAME = "$(TARGET_NAME)";
				SWIFT_EMIT_LOC_STRINGS = YES;
				SWIFT_VERSION = 5.0;
				TARGETED_DEVICE_FAMILY = "1,2";
			};
			name = Release;
		};
/* End XCBuildConfiguration section */

/* Begin XCConfigurationList section */
		B1A27D7D2B599F0C00251C29 /* Build configuration list for PBXProject "LearningSwiftUi" */ = {
			isa = XCConfigurationList;
			buildConfigurations = (
				B1A27D8E2B599F0D00251C29 /* Debug */,
				B1A27D8F2B599F0D00251C29 /* Release */,
			);
			defaultConfigurationIsVisible = 0;
			defaultConfigurationName = Release;
		};
		B1A27D902B599F0D00251C29 /* Build configuration list for PBXNativeTarget "LearningSwiftUi" */ = {
			isa = XCConfigurationList;
			buildConfigurations = (
				B1A27D912B599F0D00251C29 /* Debug */,
				B1A27D922B599F0D00251C29 /* Release */,
			);
			defaultConfigurationIsVisible = 0;
			defaultConfigurationName = Release;
		};
/* End XCConfigurationList section */
	};
	rootObject = B1A27D7A2B599F0C00251C29 /* Project object */;
}
